
Microsoft Visual Studio Solution File, Format Version 12.00
# Visual Studio Version 17
VisualStudioVersion = 17.3.32929.385
MinimumVisualStudioVersion = 10.0.40219.1
Project("{9A19103F-16F7-4668-BE54-9A1E7A4F7556}") = "ReturnPairOfArray", "ReturnPairOfArray\ReturnPairOfArray.csproj", "{682DF8B0-4CB4-4BE3-AA50-B194032087CC}"
EndProject
Project("{9A19103F-16F7-4668-BE54-9A1E7A4F7556}") = "ReturnDuplicateNumnersFromArray", "ReturnDuplicateNumnersFromArray\ReturnDuplicateNumnersFromArray.csproj", "{BDF8FBED-0815-4E6B-B939-C20E86F7E00B}"
EndProject
Project("{9A19103F-16F7-4668-BE54-9A1E7A4F7556}") = "LinkedListExample", "LinkedListExample\LinkedListExample.csproj", "{469240DD-8F33-4B82-860B-204F7DE51831}"
EndProject
Project("{9A19103F-16F7-4668-BE54-9A1E7A4F7556}") = "DictionaryExample", "DictionaryExample\DictionaryExample.csproj", "{848AA493-E59A-4F52-B508-FEF3651CA716}"
EndProject
Project("{9A19103F-16F7-4668-BE54-9A1E7A4F7556}") = "HastTableExample", "HastTableExample\HastTableExample.csproj", "{83962CB2-E695-464A-B77D-176C07FCAE2F}"
EndProject
Project("{9A19103F-16F7-4668-BE54-9A1E7A4F7556}") = "HashSetExample", "HashSetExample\HashSetExample.csproj", "{0D10E2EF-186B-40F3-BFC5-9BB85CBE22D2}"
EndProject
Project("{2150E333-8FDC-42A3-9474-1A3956D46DE8}") = "DS", "DS", "{7F596DF2-E9DE-464A-8305-C0AA49D78CD0}"
EndProject
Project("{9A19103F-16F7-4668-BE54-9A1E7A4F7556}") = "BreathFirstSearch", "DS\BreathFirstSearch\BreathFirstSearch.csproj", "{94AD9E86-FA7C-4E81-A73D-3140195E7D87}"
EndProject
Project("{9A19103F-16F7-4668-BE54-9A1E7A4F7556}") = "DepthFirstSearch", "DS\DepthFirstSearch\DepthFirstSearch.csproj", "{09965242-8BC5-415C-9F30-E6AE5F59A183}"
EndProject
Project("{9A19103F-16F7-4668-BE54-9A1E7A4F7556}") = "BFSUsingTupleAndQueue", "DS\BFSUsingTupleAndQueue\BFSUsingTupleAndQueue.csproj", "{F17AAF18-76A4-4684-B1C6-636D527F4297}"
EndProject
Project("{9A19103F-16F7-4668-BE54-9A1E7A4F7556}") = "DFSUsingTupleAndStack", "DS\DFSUsingTupleAndStack\DFSUsingTupleAndStack.csproj", "{648A95D2-3985-4D46-9CA8-E4CCDFCBF8F5}"
EndProject
Project("{9A19103F-16F7-4668-BE54-9A1E7A4F7556}") = "Knapsack", "DS\Knapsack\Knapsack.csproj", "{3DF64A47-DE2B-4E72-9E81-73BC7283422D}"
EndProject
Project("{9A19103F-16F7-4668-BE54-9A1E7A4F7556}") = "WindowSlidingTechnique", "WindowSlidingTechnique\WindowSlidingTechnique.csproj", "{7673383A-08A2-41FF-94BD-6E148CEE551E}"
EndProject
Project("{9A19103F-16F7-4668-BE54-9A1E7A4F7556}") = "TwoPointer", "TwoPointer\TwoPointer.csproj", "{E7418D50-32C6-4BD3-B93D-6074DBFCEC44}"
EndProject
Project("{9A19103F-16F7-4668-BE54-9A1E7A4F7556}") = "MergeOverlappingInterval", "DS\MergeOverlappingInterval\MergeOverlappingInterval.csproj", "{98CD23A4-8222-442A-86C9-95159CF267A0}"
EndProject
Project("{FAE04EC0-301F-11D3-BF4B-00C04F79EFBC}") = "CycleSort", "DS\CyclicSort\CycleSort.csproj", "{E9915CEF-272A-4177-ACB3-A1C5E0DA7E6A}"
EndProject
Project("{9A19103F-16F7-4668-BE54-9A1E7A4F7556}") = "LinkedLists", "DS\LinkedLists\LinkedLists.csproj", "{9DFB9924-486F-456D-8AD7-B16BF16F7374}"
EndProject
Project("{FAE04EC0-301F-11D3-BF4B-00C04F79EFBC}") = "SnackGameExample", "SnackGameExample\SnackGameExample.csproj", "{CBB23096-4967-4495-875E-1C3654944C41}"
EndProject
Project("{FAE04EC0-301F-11D3-BF4B-00C04F79EFBC}") = "IndexerExample", "IndexerExample\IndexerExample.csproj", "{1C032745-8115-4770-BF7B-1BB1A110B132}"
EndProject
Project("{FAE04EC0-301F-11D3-BF4B-00C04F79EFBC}") = "HeapExample", "DS\HeapExample\HeapExample.csproj", "{0CE594EC-0697-444D-8141-3C54F19934F2}"
EndProject
Project("{FAE04EC0-301F-11D3-BF4B-00C04F79EFBC}") = "RegularExpressionDemo", "RegularExpressionDemo\RegularExpressionDemo.csproj", "{FD422B76-EFA7-44D9-90FE-1634CDC40716}"
EndProject
Project("{FAE04EC0-301F-11D3-BF4B-00C04F79EFBC}") = "SubSetsExample", "SubSetsExample\SubSetsExample.csproj", "{642551D4-7014-4F36-A1AC-95380562A518}"
EndProject
Project("{FAE04EC0-301F-11D3-BF4B-00C04F79EFBC}") = "BinarySearchExample", "BinarySearchExample\BinarySearchExample.csproj", "{28104624-E804-4584-B48A-ED50DD5D7944}"
EndProject
Global
	GlobalSection(SolutionConfigurationPlatforms) = preSolution
		Debug|Any CPU = Debug|Any CPU
		Release|Any CPU = Release|Any CPU
	EndGlobalSection
	GlobalSection(ProjectConfigurationPlatforms) = postSolution
		{682DF8B0-4CB4-4BE3-AA50-B194032087CC}.Debug|Any CPU.ActiveCfg = Debug|Any CPU
		{682DF8B0-4CB4-4BE3-AA50-B194032087CC}.Debug|Any CPU.Build.0 = Debug|Any CPU
		{682DF8B0-4CB4-4BE3-AA50-B194032087CC}.Release|Any CPU.ActiveCfg = Release|Any CPU
		{682DF8B0-4CB4-4BE3-AA50-B194032087CC}.Release|Any CPU.Build.0 = Release|Any CPU
		{BDF8FBED-0815-4E6B-B939-C20E86F7E00B}.Debug|Any CPU.ActiveCfg = Debug|Any CPU
		{BDF8FBED-0815-4E6B-B939-C20E86F7E00B}.Debug|Any CPU.Build.0 = Debug|Any CPU
		{BDF8FBED-0815-4E6B-B939-C20E86F7E00B}.Release|Any CPU.ActiveCfg = Release|Any CPU
		{BDF8FBED-0815-4E6B-B939-C20E86F7E00B}.Release|Any CPU.Build.0 = Release|Any CPU
		{469240DD-8F33-4B82-860B-204F7DE51831}.Debug|Any CPU.ActiveCfg = Debug|Any CPU
		{469240DD-8F33-4B82-860B-204F7DE51831}.Debug|Any CPU.Build.0 = Debug|Any CPU
		{469240DD-8F33-4B82-860B-204F7DE51831}.Release|Any CPU.ActiveCfg = Release|Any CPU
		{469240DD-8F33-4B82-860B-204F7DE51831}.Release|Any CPU.Build.0 = Release|Any CPU
		{848AA493-E59A-4F52-B508-FEF3651CA716}.Debug|Any CPU.ActiveCfg = Debug|Any CPU
		{848AA493-E59A-4F52-B508-FEF3651CA716}.Debug|Any CPU.Build.0 = Debug|Any CPU
		{848AA493-E59A-4F52-B508-FEF3651CA716}.Release|Any CPU.ActiveCfg = Release|Any CPU
		{848AA493-E59A-4F52-B508-FEF3651CA716}.Release|Any CPU.Build.0 = Release|Any CPU
		{83962CB2-E695-464A-B77D-176C07FCAE2F}.Debug|Any CPU.ActiveCfg = Debug|Any CPU
		{83962CB2-E695-464A-B77D-176C07FCAE2F}.Debug|Any CPU.Build.0 = Debug|Any CPU
		{83962CB2-E695-464A-B77D-176C07FCAE2F}.Release|Any CPU.ActiveCfg = Release|Any CPU
		{83962CB2-E695-464A-B77D-176C07FCAE2F}.Release|Any CPU.Build.0 = Release|Any CPU
		{0D10E2EF-186B-40F3-BFC5-9BB85CBE22D2}.Debug|Any CPU.ActiveCfg = Debug|Any CPU
		{0D10E2EF-186B-40F3-BFC5-9BB85CBE22D2}.Debug|Any CPU.Build.0 = Debug|Any CPU
		{0D10E2EF-186B-40F3-BFC5-9BB85CBE22D2}.Release|Any CPU.ActiveCfg = Release|Any CPU
		{0D10E2EF-186B-40F3-BFC5-9BB85CBE22D2}.Release|Any CPU.Build.0 = Release|Any CPU
		{94AD9E86-FA7C-4E81-A73D-3140195E7D87}.Debug|Any CPU.ActiveCfg = Debug|Any CPU
		{94AD9E86-FA7C-4E81-A73D-3140195E7D87}.Debug|Any CPU.Build.0 = Debug|Any CPU
		{94AD9E86-FA7C-4E81-A73D-3140195E7D87}.Release|Any CPU.ActiveCfg = Release|Any CPU
		{94AD9E86-FA7C-4E81-A73D-3140195E7D87}.Release|Any CPU.Build.0 = Release|Any CPU
		{09965242-8BC5-415C-9F30-E6AE5F59A183}.Debug|Any CPU.ActiveCfg = Debug|Any CPU
		{09965242-8BC5-415C-9F30-E6AE5F59A183}.Debug|Any CPU.Build.0 = Debug|Any CPU
		{09965242-8BC5-415C-9F30-E6AE5F59A183}.Release|Any CPU.ActiveCfg = Release|Any CPU
		{09965242-8BC5-415C-9F30-E6AE5F59A183}.Release|Any CPU.Build.0 = Release|Any CPU
		{F17AAF18-76A4-4684-B1C6-636D527F4297}.Debug|Any CPU.ActiveCfg = Debug|Any CPU
		{F17AAF18-76A4-4684-B1C6-636D527F4297}.Debug|Any CPU.Build.0 = Debug|Any CPU
		{F17AAF18-76A4-4684-B1C6-636D527F4297}.Release|Any CPU.ActiveCfg = Release|Any CPU
		{F17AAF18-76A4-4684-B1C6-636D527F4297}.Release|Any CPU.Build.0 = Release|Any CPU
		{648A95D2-3985-4D46-9CA8-E4CCDFCBF8F5}.Debug|Any CPU.ActiveCfg = Debug|Any CPU
		{648A95D2-3985-4D46-9CA8-E4CCDFCBF8F5}.Debug|Any CPU.Build.0 = Debug|Any CPU
		{648A95D2-3985-4D46-9CA8-E4CCDFCBF8F5}.Release|Any CPU.ActiveCfg = Release|Any CPU
		{648A95D2-3985-4D46-9CA8-E4CCDFCBF8F5}.Release|Any CPU.Build.0 = Release|Any CPU
		{3DF64A47-DE2B-4E72-9E81-73BC7283422D}.Debug|Any CPU.ActiveCfg = Debug|Any CPU
		{3DF64A47-DE2B-4E72-9E81-73BC7283422D}.Debug|Any CPU.Build.0 = Debug|Any CPU
		{3DF64A47-DE2B-4E72-9E81-73BC7283422D}.Release|Any CPU.ActiveCfg = Release|Any CPU
		{3DF64A47-DE2B-4E72-9E81-73BC7283422D}.Release|Any CPU.Build.0 = Release|Any CPU
		{7673383A-08A2-41FF-94BD-6E148CEE551E}.Debug|Any CPU.ActiveCfg = Debug|Any CPU
		{7673383A-08A2-41FF-94BD-6E148CEE551E}.Debug|Any CPU.Build.0 = Debug|Any CPU
		{7673383A-08A2-41FF-94BD-6E148CEE551E}.Release|Any CPU.ActiveCfg = Release|Any CPU
		{7673383A-08A2-41FF-94BD-6E148CEE551E}.Release|Any CPU.Build.0 = Release|Any CPU
		{E7418D50-32C6-4BD3-B93D-6074DBFCEC44}.Debug|Any CPU.ActiveCfg = Debug|Any CPU
		{E7418D50-32C6-4BD3-B93D-6074DBFCEC44}.Debug|Any CPU.Build.0 = Debug|Any CPU
		{E7418D50-32C6-4BD3-B93D-6074DBFCEC44}.Release|Any CPU.ActiveCfg = Release|Any CPU
		{E7418D50-32C6-4BD3-B93D-6074DBFCEC44}.Release|Any CPU.Build.0 = Release|Any CPU
		{98CD23A4-8222-442A-86C9-95159CF267A0}.Debug|Any CPU.ActiveCfg = Debug|Any CPU
		{98CD23A4-8222-442A-86C9-95159CF267A0}.Debug|Any CPU.Build.0 = Debug|Any CPU
		{98CD23A4-8222-442A-86C9-95159CF267A0}.Release|Any CPU.ActiveCfg = Release|Any CPU
		{98CD23A4-8222-442A-86C9-95159CF267A0}.Release|Any CPU.Build.0 = Release|Any CPU
		{E9915CEF-272A-4177-ACB3-A1C5E0DA7E6A}.Debug|Any CPU.ActiveCfg = Debug|Any CPU
		{E9915CEF-272A-4177-ACB3-A1C5E0DA7E6A}.Debug|Any CPU.Build.0 = Debug|Any CPU
		{E9915CEF-272A-4177-ACB3-A1C5E0DA7E6A}.Release|Any CPU.ActiveCfg = Release|Any CPU
		{E9915CEF-272A-4177-ACB3-A1C5E0DA7E6A}.Release|Any CPU.Build.0 = Release|Any CPU
		{9DFB9924-486F-456D-8AD7-B16BF16F7374}.Debug|Any CPU.ActiveCfg = Debug|Any CPU
		{9DFB9924-486F-456D-8AD7-B16BF16F7374}.Debug|Any CPU.Build.0 = Debug|Any CPU
		{9DFB9924-486F-456D-8AD7-B16BF16F7374}.Release|Any CPU.ActiveCfg = Release|Any CPU
		{9DFB9924-486F-456D-8AD7-B16BF16F7374}.Release|Any CPU.Build.0 = Release|Any CPU
		{CBB23096-4967-4495-875E-1C3654944C41}.Debug|Any CPU.ActiveCfg = Debug|Any CPU
		{CBB23096-4967-4495-875E-1C3654944C41}.Debug|Any CPU.Build.0 = Debug|Any CPU
		{CBB23096-4967-4495-875E-1C3654944C41}.Release|Any CPU.ActiveCfg = Release|Any CPU
		{CBB23096-4967-4495-875E-1C3654944C41}.Release|Any CPU.Build.0 = Release|Any CPU
		{1C032745-8115-4770-BF7B-1BB1A110B132}.Debug|Any CPU.ActiveCfg = Debug|Any CPU
		{1C032745-8115-4770-BF7B-1BB1A110B132}.Debug|Any CPU.Build.0 = Debug|Any CPU
		{1C032745-8115-4770-BF7B-1BB1A110B132}.Release|Any CPU.ActiveCfg = Release|Any CPU
		{1C032745-8115-4770-BF7B-1BB1A110B132}.Release|Any CPU.Build.0 = Release|Any CPU
		{0CE594EC-0697-444D-8141-3C54F19934F2}.Debug|Any CPU.ActiveCfg = Debug|Any CPU
		{0CE594EC-0697-444D-8141-3C54F19934F2}.Debug|Any CPU.Build.0 = Debug|Any CPU
		{0CE594EC-0697-444D-8141-3C54F19934F2}.Release|Any CPU.ActiveCfg = Release|Any CPU
		{0CE594EC-0697-444D-8141-3C54F19934F2}.Release|Any CPU.Build.0 = Release|Any CPU
		{FD422B76-EFA7-44D9-90FE-1634CDC40716}.Debug|Any CPU.ActiveCfg = Debug|Any CPU
		{FD422B76-EFA7-44D9-90FE-1634CDC40716}.Debug|Any CPU.Build.0 = Debug|Any CPU
		{FD422B76-EFA7-44D9-90FE-1634CDC40716}.Release|Any CPU.ActiveCfg = Release|Any CPU
		{FD422B76-EFA7-44D9-90FE-1634CDC40716}.Release|Any CPU.Build.0 = Release|Any CPU
		{642551D4-7014-4F36-A1AC-95380562A518}.Debug|Any CPU.ActiveCfg = Debug|Any CPU
		{642551D4-7014-4F36-A1AC-95380562A518}.Debug|Any CPU.Build.0 = Debug|Any CPU
		{642551D4-7014-4F36-A1AC-95380562A518}.Release|Any CPU.ActiveCfg = Release|Any CPU
		{642551D4-7014-4F36-A1AC-95380562A518}.Release|Any CPU.Build.0 = Release|Any CPU
		{28104624-E804-4584-B48A-ED50DD5D7944}.Debug|Any CPU.ActiveCfg = Debug|Any CPU
		{28104624-E804-4584-B48A-ED50DD5D7944}.Debug|Any CPU.Build.0 = Debug|Any CPU
		{28104624-E804-4584-B48A-ED50DD5D7944}.Release|Any CPU.ActiveCfg = Release|Any CPU
		{28104624-E804-4584-B48A-ED50DD5D7944}.Release|Any CPU.Build.0 = Release|Any CPU
	EndGlobalSection
	GlobalSection(SolutionProperties) = preSolution
		HideSolutionNode = FALSE
	EndGlobalSection
	GlobalSection(NestedProjects) = preSolution
		{94AD9E86-FA7C-4E81-A73D-3140195E7D87} = {7F596DF2-E9DE-464A-8305-C0AA49D78CD0}
		{09965242-8BC5-415C-9F30-E6AE5F59A183} = {7F596DF2-E9DE-464A-8305-C0AA49D78CD0}
		{F17AAF18-76A4-4684-B1C6-636D527F4297} = {7F596DF2-E9DE-464A-8305-C0AA49D78CD0}
		{648A95D2-3985-4D46-9CA8-E4CCDFCBF8F5} = {7F596DF2-E9DE-464A-8305-C0AA49D78CD0}
		{3DF64A47-DE2B-4E72-9E81-73BC7283422D} = {7F596DF2-E9DE-464A-8305-C0AA49D78CD0}
		{98CD23A4-8222-442A-86C9-95159CF267A0} = {7F596DF2-E9DE-464A-8305-C0AA49D78CD0}
		{E9915CEF-272A-4177-ACB3-A1C5E0DA7E6A} = {7F596DF2-E9DE-464A-8305-C0AA49D78CD0}
		{9DFB9924-486F-456D-8AD7-B16BF16F7374} = {7F596DF2-E9DE-464A-8305-C0AA49D78CD0}
		{0CE594EC-0697-444D-8141-3C54F19934F2} = {7F596DF2-E9DE-464A-8305-C0AA49D78CD0}
	EndGlobalSection
	GlobalSection(ExtensibilityGlobals) = postSolution
		SolutionGuid = {D29D1B41-417C-45DE-93AC-82FA0CD68716}
	EndGlobalSection
EndGlobal
